
Microsoft Visual Studio Solution File, Format Version 12.00
# Visual Studio Version 16
VisualStudioVersion = 16.0.29926.136
MinimumVisualStudioVersion = 10.0.40219.1
Project("{FAE04EC0-301F-11D3-BF4B-00C04F79EFBC}") = "LogoQuiz.Android", "LogoQuiz\LogoQuiz.Android\LogoQuiz.Android.csproj", "{C5F957F8-F487-4E03-B585-62CD2354E366}"
EndProject
Project("{FAE04EC0-301F-11D3-BF4B-00C04F79EFBC}") = "LogoQuiz.iOS", "LogoQuiz\LogoQuiz.iOS\LogoQuiz.iOS.csproj", "{32BEF391-782A-401C-8AF0-3D96A2F36C70}"
EndProject
Project("{9A19103F-16F7-4668-BE54-9A1E7A4F7556}") = "LogoQuiz", "LogoQuiz\LogoQuiz\LogoQuiz.csproj", "{4FEF5DED-D551-4FC9-AE8F-BC39305EFFC0}"
EndProject
Project("{FAE04EC0-301F-11D3-BF4B-00C04F79EFBC}") = "EFCoreMigrationsProject", "EFCoreMigrationsProject\EFCoreMigrationsProject.csproj", "{B5FFE092-4647-444C-9DD9-DAE0BAC81C8E}"
EndProject
Global
	GlobalSection(SolutionConfigurationPlatforms) = preSolution
		Debug|Any CPU = Debug|Any CPU
		Debug|iPhone = Debug|iPhone
		Debug|iPhoneSimulator = Debug|iPhoneSimulator
		Release|Any CPU = Release|Any CPU
		Release|iPhone = Release|iPhone
		Release|iPhoneSimulator = Release|iPhoneSimulator
	EndGlobalSection
	GlobalSection(ProjectConfigurationPlatforms) = postSolution
		{C5F957F8-F487-4E03-B585-62CD2354E366}.Debug|Any CPU.ActiveCfg = Debug|Any CPU
		{C5F957F8-F487-4E03-B585-62CD2354E366}.Debug|Any CPU.Build.0 = Debug|Any CPU
		{C5F957F8-F487-4E03-B585-62CD2354E366}.Debug|Any CPU.Deploy.0 = Debug|Any CPU
		{C5F957F8-F487-4E03-B585-62CD2354E366}.Debug|iPhone.ActiveCfg = Debug|Any CPU
		{C5F957F8-F487-4E03-B585-62CD2354E366}.Debug|iPhone.Build.0 = Debug|Any CPU
		{C5F957F8-F487-4E03-B585-62CD2354E366}.Debug|iPhone.Deploy.0 = Debug|Any CPU
		{C5F957F8-F487-4E03-B585-62CD2354E366}.Debug|iPhoneSimulator.ActiveCfg = Debug|Any CPU
		{C5F957F8-F487-4E03-B585-62CD2354E366}.Debug|iPhoneSimulator.Build.0 = Debug|Any CPU
		{C5F957F8-F487-4E03-B585-62CD2354E366}.Debug|iPhoneSimulator.Deploy.0 = Debug|Any CPU
		{C5F957F8-F487-4E03-B585-62CD2354E366}.Release|Any CPU.ActiveCfg = Release|Any CPU
		{C5F957F8-F487-4E03-B585-62CD2354E366}.Release|Any CPU.Build.0 = Release|Any CPU
		{C5F957F8-F487-4E03-B585-62CD2354E366}.Release|Any CPU.Deploy.0 = Release|Any CPU
		{C5F957F8-F487-4E03-B585-62CD2354E366}.Release|iPhone.ActiveCfg = Release|Any CPU
		{C5F957F8-F487-4E03-B585-62CD2354E366}.Release|iPhone.Build.0 = Release|Any CPU
		{C5F957F8-F487-4E03-B585-62CD2354E366}.Release|iPhone.Deploy.0 = Release|Any CPU
		{C5F957F8-F487-4E03-B585-62CD2354E366}.Release|iPhoneSimulator.ActiveCfg = Release|Any CPU
		{C5F957F8-F487-4E03-B585-62CD2354E366}.Release|iPhoneSimulator.Build.0 = Release|Any CPU
		{C5F957F8-F487-4E03-B585-62CD2354E366}.Release|iPhoneSimulator.Deploy.0 = Release|Any CPU
		{32BEF391-782A-401C-8AF0-3D96A2F36C70}.Debug|Any CPU.ActiveCfg = Debug|iPhone
		{32BEF391-782A-401C-8AF0-3D96A2F36C70}.Debug|Any CPU.Build.0 = Debug|iPhone
		{32BEF391-782A-401C-8AF0-3D96A2F36C70}.Debug|Any CPU.Deploy.0 = Debug|iPhone
		{32BEF391-782A-401C-8AF0-3D96A2F36C70}.Debug|iPhone.ActiveCfg = Debug|iPhone
		{32BEF391-782A-401C-8AF0-3D96A2F36C70}.Debug|iPhone.Build.0 = Debug|iPhone
		{32BEF391-782A-401C-8AF0-3D96A2F36C70}.Debug|iPhone.Deploy.0 = Debug|iPhone
		{32BEF391-782A-401C-8AF0-3D96A2F36C70}.Debug|iPhoneSimulator.ActiveCfg = Debug|iPhoneSimulator
		{32BEF391-782A-401C-8AF0-3D96A2F36C70}.Debug|iPhoneSimulator.Build.0 = Debug|iPhoneSimulator
		{32BEF391-782A-401C-8AF0-3D96A2F36C70}.Debug|iPhoneSimulator.Deploy.0 = Debug|iPhoneSimulator
		{32BEF391-782A-401C-8AF0-3D96A2F36C70}.Release|Any CPU.ActiveCfg = Release|iPhone
		{32BEF391-782A-401C-8AF0-3D96A2F36C70}.Release|Any CPU.Build.0 = Release|iPhone
		{32BEF391-782A-401C-8AF0-3D96A2F36C70}.Release|Any CPU.Deploy.0 = Release|iPhone
		{32BEF391-782A-401C-8AF0-3D96A2F36C70}.Release|iPhone.ActiveCfg = Release|iPhone
		{32BEF391-782A-401C-8AF0-3D96A2F36C70}.Release|iPhone.Build.0 = Release|iPhone
		{32BEF391-782A-401C-8AF0-3D96A2F36C70}.Release|iPhone.Deploy.0 = Release|iPhone
		{32BEF391-782A-401C-8AF0-3D96A2F36C70}.Release|iPhoneSimulator.ActiveCfg = Release|iPhoneSimulator
		{32BEF391-782A-401C-8AF0-3D96A2F36C70}.Release|iPhoneSimulator.Build.0 = Release|iPhoneSimulator
		{32BEF391-782A-401C-8AF0-3D96A2F36C70}.Release|iPhoneSimulator.Deploy.0 = Release|iPhoneSimulator
		{4FEF5DED-D551-4FC9-AE8F-BC39305EFFC0}.Debug|Any CPU.ActiveCfg = Debug|Any CPU
		{4FEF5DED-D551-4FC9-AE8F-BC39305EFFC0}.Debug|Any CPU.Build.0 = Debug|Any CPU
		{4FEF5DED-D551-4FC9-AE8F-BC39305EFFC0}.Debug|Any CPU.Deploy.0 = Debug|Any CPU
		{4FEF5DED-D551-4FC9-AE8F-BC39305EFFC0}.Debug|iPhone.ActiveCfg = Debug|Any CPU
		{4FEF5DED-D551-4FC9-AE8F-BC39305EFFC0}.Debug|iPhone.Build.0 = Debug|Any CPU
		{4FEF5DED-D551-4FC9-AE8F-BC39305EFFC0}.Debug|iPhone.Deploy.0 = Debug|Any CPU
		{4FEF5DED-D551-4FC9-AE8F-BC39305EFFC0}.Debug|iPhoneSimulator.ActiveCfg = Debug|Any CPU
		{4FEF5DED-D551-4FC9-AE8F-BC39305EFFC0}.Debug|iPhoneSimulator.Build.0 = Debug|Any CPU
		{4FEF5DED-D551-4FC9-AE8F-BC39305EFFC0}.Debug|iPhoneSimulator.Deploy.0 = Debug|Any CPU
		{4FEF5DED-D551-4FC9-AE8F-BC39305EFFC0}.Release|Any CPU.ActiveCfg = Release|Any CPU
		{4FEF5DED-D551-4FC9-AE8F-BC39305EFFC0}.Release|Any CPU.Build.0 = Release|Any CPU
		{4FEF5DED-D551-4FC9-AE8F-BC39305EFFC0}.Release|Any CPU.Deploy.0 = Release|Any CPU
		{4FEF5DED-D551-4FC9-AE8F-BC39305EFFC0}.Release|iPhone.ActiveCfg = Release|Any CPU
		{4FEF5DED-D551-4FC9-AE8F-BC39305EFFC0}.Release|iPhone.Build.0 = Release|Any CPU
		{4FEF5DED-D551-4FC9-AE8F-BC39305EFFC0}.Release|iPhone.Deploy.0 = Release|Any CPU
		{4FEF5DED-D551-4FC9-AE8F-BC39305EFFC0}.Release|iPhoneSimulator.ActiveCfg = Release|Any CPU
		{4FEF5DED-D551-4FC9-AE8F-BC39305EFFC0}.Release|iPhoneSimulator.Build.0 = Release|Any CPU
		{4FEF5DED-D551-4FC9-AE8F-BC39305EFFC0}.Release|iPhoneSimulator.Deploy.0 = Release|Any CPU
		{B5FFE092-4647-444C-9DD9-DAE0BAC81C8E}.Debug|Any CPU.ActiveCfg = Debug|Any CPU
		{B5FFE092-4647-444C-9DD9-DAE0BAC81C8E}.Debug|Any CPU.Build.0 = Debug|Any CPU
		{B5FFE092-4647-444C-9DD9-DAE0BAC81C8E}.Debug|iPhone.ActiveCfg = Debug|Any CPU
		{B5FFE092-4647-444C-9DD9-DAE0BAC81C8E}.Debug|iPhone.Build.0 = Debug|Any CPU
		{B5FFE092-4647-444C-9DD9-DAE0BAC81C8E}.Debug|iPhoneSimulator.ActiveCfg = Debug|Any CPU
		{B5FFE092-4647-444C-9DD9-DAE0BAC81C8E}.Debug|iPhoneSimulator.Build.0 = Debug|Any CPU
		{B5FFE092-4647-444C-9DD9-DAE0BAC81C8E}.Release|Any CPU.ActiveCfg = Release|Any CPU
		{B5FFE092-4647-444C-9DD9-DAE0BAC81C8E}.Release|Any CPU.Build.0 = Release|Any CPU
		{B5FFE092-4647-444C-9DD9-DAE0BAC81C8E}.Release|iPhone.ActiveCfg = Release|Any CPU
		{B5FFE092-4647-444C-9DD9-DAE0BAC81C8E}.Release|iPhone.Build.0 = Release|Any CPU
		{B5FFE092-4647-444C-9DD9-DAE0BAC81C8E}.Release|iPhoneSimulator.ActiveCfg = Release|Any CPU
		{B5FFE092-4647-444C-9DD9-DAE0BAC81C8E}.Release|iPhoneSimulator.Build.0 = Release|Any CPU
	EndGlobalSection
	GlobalSection(SolutionProperties) = preSolution
		HideSolutionNode = FALSE
	EndGlobalSection
	GlobalSection(ExtensibilityGlobals) = postSolution
		SolutionGuid = {AB1FC9C7-23EF-4B37-9E8F-BE5B8EA10424}
	EndGlobalSection
EndGlobal
